
Microsoft Visual Studio Solution File, Format Version 12.00
# Visual Studio 15
VisualStudioVersion = 15.0.28307.645
MinimumVisualStudioVersion = 10.0.40219.1
Project("{FAE04EC0-301F-11D3-BF4B-00C04F79EFBC}") = "DapperContribDemo", "DapperContribDemo\DapperContribDemo.csproj", "{A9966535-778F-4D0E-B2BD-6432C36CB466}"
EndProject
Project("{FAE04EC0-301F-11D3-BF4B-00C04F79EFBC}") = "DapperContribDemo.Core", "DapperContribDemo.Core\DapperContribDemo.Core.csproj", "{C79E69A0-B0D5-4945-8934-11C1B5A38075}"
EndProject
Project("{2150E333-8FDC-42A3-9474-1A3956D46DE8}") = "Solution Items", "Solution Items", "{81D1AA7A-4EE0-465A-9CF0-8C0D70D58211}"
	ProjectSection(SolutionItems) = preProject
		.editorconfig = .editorconfig
		readme.md = readme.md
	EndProjectSection
EndProject
Global
	GlobalSection(SolutionConfigurationPlatforms) = preSolution
		Debug|Any CPU = Debug|Any CPU
		Release|Any CPU = Release|Any CPU
	EndGlobalSection
	GlobalSection(ProjectConfigurationPlatforms) = postSolution
		{A9966535-778F-4D0E-B2BD-6432C36CB466}.Debug|Any CPU.ActiveCfg = Debug|Any CPU
		{A9966535-778F-4D0E-B2BD-6432C36CB466}.Debug|Any CPU.Build.0 = Debug|Any CPU
		{A9966535-778F-4D0E-B2BD-6432C36CB466}.Release|Any CPU.ActiveCfg = Release|Any CPU
		{A9966535-778F-4D0E-B2BD-6432C36CB466}.Release|Any CPU.Build.0 = Release|Any CPU
		{C79E69A0-B0D5-4945-8934-11C1B5A38075}.Debug|Any CPU.ActiveCfg = Debug|Any CPU
		{C79E69A0-B0D5-4945-8934-11C1B5A38075}.Debug|Any CPU.Build.0 = Debug|Any CPU
		{C79E69A0-B0D5-4945-8934-11C1B5A38075}.Release|Any CPU.ActiveCfg = Release|Any CPU
		{C79E69A0-B0D5-4945-8934-11C1B5A38075}.Release|Any CPU.Build.0 = Release|Any CPU
	EndGlobalSection
	GlobalSection(SolutionProperties) = preSolution
		HideSolutionNode = FALSE
	EndGlobalSection
	GlobalSection(ExtensibilityGlobals) = postSolution
		SolutionGuid = {2C891C7D-25F2-429C-A5E7-289CB7291F38}
	EndGlobalSection
EndGlobal
